
Microsoft Visual Studio Solution File, Format Version 12.00
# Visual Studio Version 17
VisualStudioVersion = 17.5.002.0
MinimumVisualStudioVersion = 10.0.40219.1
Project("{2150E333-8FDC-42A3-9474-1A3956D46DE8}") = "week01", "week01", "{36603618-4521-4AE5-8A14-4F616AFD02E0}"
EndProject
Project("{9A19103F-16F7-4668-BE54-9A1E7A4F7556}") = "code", "week01\code\code.csproj", "{B1B3A2C2-715D-4469-9F39-673EB67F062D}"
EndProject
Project("{9A19103F-16F7-4668-BE54-9A1E7A4F7556}") = "analyze", "week01\analyze\analyze.csproj", "{AF878936-2788-4D10-A075-4F7C47F352EE}"
EndProject
Project("{9A19103F-16F7-4668-BE54-9A1E7A4F7556}") = "teach", "week01\teach\teach.csproj", "{C311E5D4-7C90-4FD0-96AA-481FE7AB4E09}"
EndProject
Project("{2150E333-8FDC-42A3-9474-1A3956D46DE8}") = "week06", "week06", "{BCC367CA-4886-416A-9A86-C75AE04EBEAF}"
EndProject
Project("{9A19103F-16F7-4668-BE54-9A1E7A4F7556}") = "code", "week06\code\code.csproj", "{8F454A34-B6CA-474B-AB9E-6ACEF32F3407}"
EndProject
Project("{2150E333-8FDC-42A3-9474-1A3956D46DE8}") = "sandbox", "sandbox", "{9DFEDE8A-A543-4F50-B79B-81B42BF0560C}"
EndProject
Project("{9A19103F-16F7-4668-BE54-9A1E7A4F7556}") = "sandbox_project", "sandbox\sandbox_project\sandbox_project.csproj", "{8D79D733-07E0-4348-9E6C-3A44DDD0090C}"
EndProject
Project("{2150E333-8FDC-42A3-9474-1A3956D46DE8}") = "week05", "week05", "{9F608649-38E6-4F4E-8021-88CEDD0BCAE8}"
EndProject
Project("{9A19103F-16F7-4668-BE54-9A1E7A4F7556}") = "code", "week05\code\code.csproj", "{5CFB2B45-ABC6-4FA4-8FF6-15412C7AFD0B}"
EndProject
Project("{2150E333-8FDC-42A3-9474-1A3956D46DE8}") = "week02", "week02", "{7AA0DFEB-2F57-4A24-B927-7B80A26DC545}"
EndProject
Project("{9A19103F-16F7-4668-BE54-9A1E7A4F7556}") = "learn", "week02\learn\learn.csproj", "{4FEF9D2C-F7FE-47F8-97A5-5B197D494E38}"
EndProject
Project("{9A19103F-16F7-4668-BE54-9A1E7A4F7556}") = "code", "week02\code\code.csproj", "{01067937-0BE1-4849-A59C-CC3DBADEC7DB}"
EndProject
Project("{9A19103F-16F7-4668-BE54-9A1E7A4F7556}") = "analyze", "week02\analyze\analyze.csproj", "{B908E12B-FAA1-45A9-8A81-25DFFD447209}"
EndProject
Project("{9A19103F-16F7-4668-BE54-9A1E7A4F7556}") = "teach", "week02\teach\teach.csproj", "{9B3C1828-BB27-40F0-9BE6-769C37349901}"
EndProject
Project("{2150E333-8FDC-42A3-9474-1A3956D46DE8}") = "week03", "week03", "{2223E46A-C102-47C1-89CC-1F8C27D3A946}"
EndProject
Project("{9A19103F-16F7-4668-BE54-9A1E7A4F7556}") = "learn", "week03\learn\learn.csproj", "{9AC5981D-6FED-4D2B-894A-A1EA26D5FC20}"
EndProject
Project("{9A19103F-16F7-4668-BE54-9A1E7A4F7556}") = "code", "week03\code\code.csproj", "{31C4C772-A025-48EA-92ED-521A20EA5695}"
EndProject
Project("{9A19103F-16F7-4668-BE54-9A1E7A4F7556}") = "teach", "week03\teach\teach.csproj", "{F4E9C306-7D21-4E24-BFA2-92ED64B2E990}"
EndProject
Project("{2150E333-8FDC-42A3-9474-1A3956D46DE8}") = "week04", "week04", "{7C9B4F31-1E1C-416E-B86B-B840CA197236}"
EndProject
Project("{9A19103F-16F7-4668-BE54-9A1E7A4F7556}") = "code", "week04\code\code.csproj", "{BA275869-515B-4308-BADE-A8E8FB7732DD}"
EndProject
Global
	GlobalSection(SolutionConfigurationPlatforms) = preSolution
		Debug|Any CPU = Debug|Any CPU
		Release|Any CPU = Release|Any CPU
	EndGlobalSection
	GlobalSection(ProjectConfigurationPlatforms) = postSolution
		{B1B3A2C2-715D-4469-9F39-673EB67F062D}.Debug|Any CPU.ActiveCfg = Debug|Any CPU
		{B1B3A2C2-715D-4469-9F39-673EB67F062D}.Debug|Any CPU.Build.0 = Debug|Any CPU
		{B1B3A2C2-715D-4469-9F39-673EB67F062D}.Release|Any CPU.ActiveCfg = Release|Any CPU
		{B1B3A2C2-715D-4469-9F39-673EB67F062D}.Release|Any CPU.Build.0 = Release|Any CPU
		{AF878936-2788-4D10-A075-4F7C47F352EE}.Debug|Any CPU.ActiveCfg = Debug|Any CPU
		{AF878936-2788-4D10-A075-4F7C47F352EE}.Debug|Any CPU.Build.0 = Debug|Any CPU
		{AF878936-2788-4D10-A075-4F7C47F352EE}.Release|Any CPU.ActiveCfg = Release|Any CPU
		{AF878936-2788-4D10-A075-4F7C47F352EE}.Release|Any CPU.Build.0 = Release|Any CPU
		{C311E5D4-7C90-4FD0-96AA-481FE7AB4E09}.Debug|Any CPU.ActiveCfg = Debug|Any CPU
		{C311E5D4-7C90-4FD0-96AA-481FE7AB4E09}.Debug|Any CPU.Build.0 = Debug|Any CPU
		{C311E5D4-7C90-4FD0-96AA-481FE7AB4E09}.Release|Any CPU.ActiveCfg = Release|Any CPU
		{C311E5D4-7C90-4FD0-96AA-481FE7AB4E09}.Release|Any CPU.Build.0 = Release|Any CPU
		{8F454A34-B6CA-474B-AB9E-6ACEF32F3407}.Debug|Any CPU.ActiveCfg = Debug|Any CPU
		{8F454A34-B6CA-474B-AB9E-6ACEF32F3407}.Debug|Any CPU.Build.0 = Debug|Any CPU
		{8F454A34-B6CA-474B-AB9E-6ACEF32F3407}.Release|Any CPU.ActiveCfg = Release|Any CPU
		{8F454A34-B6CA-474B-AB9E-6ACEF32F3407}.Release|Any CPU.Build.0 = Release|Any CPU
		{8D79D733-07E0-4348-9E6C-3A44DDD0090C}.Debug|Any CPU.ActiveCfg = Debug|Any CPU
		{8D79D733-07E0-4348-9E6C-3A44DDD0090C}.Debug|Any CPU.Build.0 = Debug|Any CPU
		{8D79D733-07E0-4348-9E6C-3A44DDD0090C}.Release|Any CPU.ActiveCfg = Release|Any CPU
		{8D79D733-07E0-4348-9E6C-3A44DDD0090C}.Release|Any CPU.Build.0 = Release|Any CPU
		{5CFB2B45-ABC6-4FA4-8FF6-15412C7AFD0B}.Debug|Any CPU.ActiveCfg = Debug|Any CPU
		{5CFB2B45-ABC6-4FA4-8FF6-15412C7AFD0B}.Debug|Any CPU.Build.0 = Debug|Any CPU
		{5CFB2B45-ABC6-4FA4-8FF6-15412C7AFD0B}.Release|Any CPU.ActiveCfg = Release|Any CPU
		{5CFB2B45-ABC6-4FA4-8FF6-15412C7AFD0B}.Release|Any CPU.Build.0 = Release|Any CPU
		{4FEF9D2C-F7FE-47F8-97A5-5B197D494E38}.Debug|Any CPU.ActiveCfg = Debug|Any CPU
		{4FEF9D2C-F7FE-47F8-97A5-5B197D494E38}.Debug|Any CPU.Build.0 = Debug|Any CPU
		{4FEF9D2C-F7FE-47F8-97A5-5B197D494E38}.Release|Any CPU.ActiveCfg = Release|Any CPU
		{4FEF9D2C-F7FE-47F8-97A5-5B197D494E38}.Release|Any CPU.Build.0 = Release|Any CPU
		{01067937-0BE1-4849-A59C-CC3DBADEC7DB}.Debug|Any CPU.ActiveCfg = Debug|Any CPU
		{01067937-0BE1-4849-A59C-CC3DBADEC7DB}.Debug|Any CPU.Build.0 = Debug|Any CPU
		{01067937-0BE1-4849-A59C-CC3DBADEC7DB}.Release|Any CPU.ActiveCfg = Release|Any CPU
		{01067937-0BE1-4849-A59C-CC3DBADEC7DB}.Release|Any CPU.Build.0 = Release|Any CPU
		{B908E12B-FAA1-45A9-8A81-25DFFD447209}.Debug|Any CPU.ActiveCfg = Debug|Any CPU
		{B908E12B-FAA1-45A9-8A81-25DFFD447209}.Debug|Any CPU.Build.0 = Debug|Any CPU
		{B908E12B-FAA1-45A9-8A81-25DFFD447209}.Release|Any CPU.ActiveCfg = Release|Any CPU
		{B908E12B-FAA1-45A9-8A81-25DFFD447209}.Release|Any CPU.Build.0 = Release|Any CPU
		{9B3C1828-BB27-40F0-9BE6-769C37349901}.Debug|Any CPU.ActiveCfg = Debug|Any CPU
		{9B3C1828-BB27-40F0-9BE6-769C37349901}.Debug|Any CPU.Build.0 = Debug|Any CPU
		{9B3C1828-BB27-40F0-9BE6-769C37349901}.Release|Any CPU.ActiveCfg = Release|Any CPU
		{9B3C1828-BB27-40F0-9BE6-769C37349901}.Release|Any CPU.Build.0 = Release|Any CPU
		{9AC5981D-6FED-4D2B-894A-A1EA26D5FC20}.Debug|Any CPU.ActiveCfg = Debug|Any CPU
		{9AC5981D-6FED-4D2B-894A-A1EA26D5FC20}.Debug|Any CPU.Build.0 = Debug|Any CPU
		{9AC5981D-6FED-4D2B-894A-A1EA26D5FC20}.Release|Any CPU.ActiveCfg = Release|Any CPU
		{9AC5981D-6FED-4D2B-894A-A1EA26D5FC20}.Release|Any CPU.Build.0 = Release|Any CPU
		{31C4C772-A025-48EA-92ED-521A20EA5695}.Debug|Any CPU.ActiveCfg = Debug|Any CPU
		{31C4C772-A025-48EA-92ED-521A20EA5695}.Debug|Any CPU.Build.0 = Debug|Any CPU
		{31C4C772-A025-48EA-92ED-521A20EA5695}.Release|Any CPU.ActiveCfg = Release|Any CPU
		{31C4C772-A025-48EA-92ED-521A20EA5695}.Release|Any CPU.Build.0 = Release|Any CPU
		{F4E9C306-7D21-4E24-BFA2-92ED64B2E990}.Debug|Any CPU.ActiveCfg = Debug|Any CPU
		{F4E9C306-7D21-4E24-BFA2-92ED64B2E990}.Debug|Any CPU.Build.0 = Debug|Any CPU
		{F4E9C306-7D21-4E24-BFA2-92ED64B2E990}.Release|Any CPU.ActiveCfg = Release|Any CPU
		{F4E9C306-7D21-4E24-BFA2-92ED64B2E990}.Release|Any CPU.Build.0 = Release|Any CPU
		{BA275869-515B-4308-BADE-A8E8FB7732DD}.Debug|Any CPU.ActiveCfg = Debug|Any CPU
		{BA275869-515B-4308-BADE-A8E8FB7732DD}.Debug|Any CPU.Build.0 = Debug|Any CPU
		{BA275869-515B-4308-BADE-A8E8FB7732DD}.Release|Any CPU.ActiveCfg = Release|Any CPU
		{BA275869-515B-4308-BADE-A8E8FB7732DD}.Release|Any CPU.Build.0 = Release|Any CPU
	EndGlobalSection
	GlobalSection(SolutionProperties) = preSolution
		HideSolutionNode = FALSE
	EndGlobalSection
	GlobalSection(NestedProjects) = preSolution
		{B1B3A2C2-715D-4469-9F39-673EB67F062D} = {36603618-4521-4AE5-8A14-4F616AFD02E0}
		{AF878936-2788-4D10-A075-4F7C47F352EE} = {36603618-4521-4AE5-8A14-4F616AFD02E0}
		{C311E5D4-7C90-4FD0-96AA-481FE7AB4E09} = {36603618-4521-4AE5-8A14-4F616AFD02E0}
		{8F454A34-B6CA-474B-AB9E-6ACEF32F3407} = {BCC367CA-4886-416A-9A86-C75AE04EBEAF}
		{8D79D733-07E0-4348-9E6C-3A44DDD0090C} = {9DFEDE8A-A543-4F50-B79B-81B42BF0560C}
		{5CFB2B45-ABC6-4FA4-8FF6-15412C7AFD0B} = {9F608649-38E6-4F4E-8021-88CEDD0BCAE8}
		{4FEF9D2C-F7FE-47F8-97A5-5B197D494E38} = {7AA0DFEB-2F57-4A24-B927-7B80A26DC545}
		{01067937-0BE1-4849-A59C-CC3DBADEC7DB} = {7AA0DFEB-2F57-4A24-B927-7B80A26DC545}
		{B908E12B-FAA1-45A9-8A81-25DFFD447209} = {7AA0DFEB-2F57-4A24-B927-7B80A26DC545}
		{9B3C1828-BB27-40F0-9BE6-769C37349901} = {7AA0DFEB-2F57-4A24-B927-7B80A26DC545}
		{9AC5981D-6FED-4D2B-894A-A1EA26D5FC20} = {2223E46A-C102-47C1-89CC-1F8C27D3A946}
		{31C4C772-A025-48EA-92ED-521A20EA5695} = {2223E46A-C102-47C1-89CC-1F8C27D3A946}
		{F4E9C306-7D21-4E24-BFA2-92ED64B2E990} = {2223E46A-C102-47C1-89CC-1F8C27D3A946}
		{BA275869-515B-4308-BADE-A8E8FB7732DD} = {7C9B4F31-1E1C-416E-B86B-B840CA197236}
	EndGlobalSection
	GlobalSection(ExtensibilityGlobals) = postSolution
		SolutionGuid = {A710296B-1A3A-4674-ABE6-93BB65FC0DB7}
	EndGlobalSection
EndGlobal
